
Microsoft Visual Studio Solution File, Format Version 12.00
# Visual Studio Version 17
VisualStudioVersion = 17.7.34024.191
MinimumVisualStudioVersion = 10.0.40219.1
Project("{FAE04EC0-301F-11D3-BF4B-00C04F79EFBC}") = "NguyenThiBaoNgoc_Do_An", "NguyenThiBaoNgoc_Do_An.csproj", "{BA603F66-F7A2-4BF6-80BE-E56E84212BB3}"
EndProject
Global
	GlobalSection(SolutionConfigurationPlatforms) = preSolution
		Debug|Any CPU = Debug|Any CPU
		Release|Any CPU = Release|Any CPU
	EndGlobalSection
	GlobalSection(ProjectConfigurationPlatforms) = postSolution
		{BA603F66-F7A2-4BF6-80BE-E56E84212BB3}.Debug|Any CPU.ActiveCfg = Debug|Any CPU
		{BA603F66-F7A2-4BF6-80BE-E56E84212BB3}.Debug|Any CPU.Build.0 = Debug|Any CPU
		{BA603F66-F7A2-4BF6-80BE-E56E84212BB3}.Release|Any CPU.ActiveCfg = Release|Any CPU
		{BA603F66-F7A2-4BF6-80BE-E56E84212BB3}.Release|Any CPU.Build.0 = Release|Any CPU
	EndGlobalSection
	GlobalSection(SolutionProperties) = preSolution
		HideSolutionNode = FALSE
	EndGlobalSection
	GlobalSection(ExtensibilityGlobals) = postSolution
		SolutionGuid = {F48B407E-C1D2-4B49-A52C-22DD0C88F0C8}
	EndGlobalSection
EndGlobal
